
Microsoft Visual Studio Solution File, Format Version 12.00
# Visual Studio Version 16
VisualStudioVersion = 16.0.30804.86
MinimumVisualStudioVersion = 10.0.40219.1
Project("{2150E333-8FDC-42A3-9474-1A3956D46DE8}") = "Services", "Services", "{DF2374DD-DBD2-4EE6-A270-75D1E6DA14A1}"
EndProject
Project("{2150E333-8FDC-42A3-9474-1A3956D46DE8}") = "ApiGateways", "ApiGateways", "{E8DD5693-1548-4162-889E-096667DD797C}"
EndProject
Project("{2150E333-8FDC-42A3-9474-1A3956D46DE8}") = "Identity", "Identity", "{E5F0FFA9-D38A-40C1-A652-36CE06CBE30D}"
EndProject
Project("{2150E333-8FDC-42A3-9474-1A3956D46DE8}") = "Achievement", "Achievement", "{9EEB93BB-02D0-4CBF-A2DF-7F73560F3E32}"
EndProject
Project("{9A19103F-16F7-4668-BE54-9A1E7A4F7556}") = "Achievement.API", "Services\Achievement\Achievement.API\Achievement.API.csproj", "{AEF558C1-DD57-4552-B061-2535BA2281F0}"
EndProject
Project("{9A19103F-16F7-4668-BE54-9A1E7A4F7556}") = "Web.API", "ApiGateways\Web\Web.API\Web.API.csproj", "{7E50E2C7-5717-4820-9FC7-20C4C6EB1B42}"
EndProject
Project("{9A19103F-16F7-4668-BE54-9A1E7A4F7556}") = "Web.Socket", "ApiGateways\WebSocket\Web.Socket\Web.Socket.csproj", "{B5A4DD0F-9082-4D6B-888F-4FD24666079B}"
EndProject
Project("{9A19103F-16F7-4668-BE54-9A1E7A4F7556}") = "Identity.API", "Services\Identity\Identity.API\Identity.API.csproj", "{5E17542F-F87E-4F83-B820-2E2D7C99CAFA}"
EndProject
Project("{2150E333-8FDC-42A3-9474-1A3956D46DE8}") = "Quizzer", "Quizzer", "{53C532FE-4730-4489-BC0B-6B5A89F0AC59}"
EndProject
Project("{9A19103F-16F7-4668-BE54-9A1E7A4F7556}") = "Quizzer.API", "Services\Quizer\Quiz.API\Quizzer.API.csproj", "{745B81D2-B0A8-4BC6-9A27-AFCD7974C745}"
EndProject
Project("{9A19103F-16F7-4668-BE54-9A1E7A4F7556}") = "Quizzer.Domain", "Services\Quizer\Quiz.Domain\Quizzer.Domain.csproj", "{0AFB865F-99F7-476C-80F2-B9EC6368517B}"
EndProject
Project("{9A19103F-16F7-4668-BE54-9A1E7A4F7556}") = "Quizzer.Infrastructure", "Services\Quizer\Quiz.Infrastructure\Quizzer.Infrastructure.csproj", "{B5B9F907-4F2D-40AC-8FB7-8F37440EF19E}"
EndProject
Project("{2150E333-8FDC-42A3-9474-1A3956D46DE8}") = "Tests", "Tests", "{37EC1365-2738-4D88-B779-1BD539E222D5}"
EndProject
Project("{FAE04EC0-301F-11D3-BF4B-00C04F79EFBC}") = "Web.API.Tests", "Web.API.Tests\Web.API.Tests.csproj", "{5CA25380-7336-4169-A47B-EFA6F88CE791}"
EndProject
Global
	GlobalSection(SolutionConfigurationPlatforms) = preSolution
		Debug|Any CPU = Debug|Any CPU
		Release|Any CPU = Release|Any CPU
	EndGlobalSection
	GlobalSection(ProjectConfigurationPlatforms) = postSolution
		{AEF558C1-DD57-4552-B061-2535BA2281F0}.Debug|Any CPU.ActiveCfg = Debug|Any CPU
		{AEF558C1-DD57-4552-B061-2535BA2281F0}.Debug|Any CPU.Build.0 = Debug|Any CPU
		{AEF558C1-DD57-4552-B061-2535BA2281F0}.Release|Any CPU.ActiveCfg = Release|Any CPU
		{AEF558C1-DD57-4552-B061-2535BA2281F0}.Release|Any CPU.Build.0 = Release|Any CPU
		{7E50E2C7-5717-4820-9FC7-20C4C6EB1B42}.Debug|Any CPU.ActiveCfg = Debug|Any CPU
		{7E50E2C7-5717-4820-9FC7-20C4C6EB1B42}.Debug|Any CPU.Build.0 = Debug|Any CPU
		{7E50E2C7-5717-4820-9FC7-20C4C6EB1B42}.Release|Any CPU.ActiveCfg = Release|Any CPU
		{7E50E2C7-5717-4820-9FC7-20C4C6EB1B42}.Release|Any CPU.Build.0 = Release|Any CPU
		{B5A4DD0F-9082-4D6B-888F-4FD24666079B}.Debug|Any CPU.ActiveCfg = Debug|Any CPU
		{B5A4DD0F-9082-4D6B-888F-4FD24666079B}.Debug|Any CPU.Build.0 = Debug|Any CPU
		{B5A4DD0F-9082-4D6B-888F-4FD24666079B}.Release|Any CPU.ActiveCfg = Release|Any CPU
		{B5A4DD0F-9082-4D6B-888F-4FD24666079B}.Release|Any CPU.Build.0 = Release|Any CPU
		{5E17542F-F87E-4F83-B820-2E2D7C99CAFA}.Debug|Any CPU.ActiveCfg = Debug|Any CPU
		{5E17542F-F87E-4F83-B820-2E2D7C99CAFA}.Debug|Any CPU.Build.0 = Debug|Any CPU
		{5E17542F-F87E-4F83-B820-2E2D7C99CAFA}.Release|Any CPU.ActiveCfg = Release|Any CPU
		{5E17542F-F87E-4F83-B820-2E2D7C99CAFA}.Release|Any CPU.Build.0 = Release|Any CPU
		{745B81D2-B0A8-4BC6-9A27-AFCD7974C745}.Debug|Any CPU.ActiveCfg = Debug|Any CPU
		{745B81D2-B0A8-4BC6-9A27-AFCD7974C745}.Debug|Any CPU.Build.0 = Debug|Any CPU
		{745B81D2-B0A8-4BC6-9A27-AFCD7974C745}.Release|Any CPU.ActiveCfg = Release|Any CPU
		{745B81D2-B0A8-4BC6-9A27-AFCD7974C745}.Release|Any CPU.Build.0 = Release|Any CPU
		{0AFB865F-99F7-476C-80F2-B9EC6368517B}.Debug|Any CPU.ActiveCfg = Debug|Any CPU
		{0AFB865F-99F7-476C-80F2-B9EC6368517B}.Debug|Any CPU.Build.0 = Debug|Any CPU
		{0AFB865F-99F7-476C-80F2-B9EC6368517B}.Release|Any CPU.ActiveCfg = Release|Any CPU
		{0AFB865F-99F7-476C-80F2-B9EC6368517B}.Release|Any CPU.Build.0 = Release|Any CPU
		{B5B9F907-4F2D-40AC-8FB7-8F37440EF19E}.Debug|Any CPU.ActiveCfg = Debug|Any CPU
		{B5B9F907-4F2D-40AC-8FB7-8F37440EF19E}.Debug|Any CPU.Build.0 = Debug|Any CPU
		{B5B9F907-4F2D-40AC-8FB7-8F37440EF19E}.Release|Any CPU.ActiveCfg = Release|Any CPU
		{B5B9F907-4F2D-40AC-8FB7-8F37440EF19E}.Release|Any CPU.Build.0 = Release|Any CPU
		{5CA25380-7336-4169-A47B-EFA6F88CE791}.Debug|Any CPU.ActiveCfg = Debug|Any CPU
		{5CA25380-7336-4169-A47B-EFA6F88CE791}.Debug|Any CPU.Build.0 = Debug|Any CPU
		{5CA25380-7336-4169-A47B-EFA6F88CE791}.Release|Any CPU.ActiveCfg = Release|Any CPU
		{5CA25380-7336-4169-A47B-EFA6F88CE791}.Release|Any CPU.Build.0 = Release|Any CPU
	EndGlobalSection
	GlobalSection(SolutionProperties) = preSolution
		HideSolutionNode = FALSE
	EndGlobalSection
	GlobalSection(NestedProjects) = preSolution
		{E5F0FFA9-D38A-40C1-A652-36CE06CBE30D} = {DF2374DD-DBD2-4EE6-A270-75D1E6DA14A1}
		{9EEB93BB-02D0-4CBF-A2DF-7F73560F3E32} = {DF2374DD-DBD2-4EE6-A270-75D1E6DA14A1}
		{AEF558C1-DD57-4552-B061-2535BA2281F0} = {9EEB93BB-02D0-4CBF-A2DF-7F73560F3E32}
		{7E50E2C7-5717-4820-9FC7-20C4C6EB1B42} = {E8DD5693-1548-4162-889E-096667DD797C}
		{B5A4DD0F-9082-4D6B-888F-4FD24666079B} = {E8DD5693-1548-4162-889E-096667DD797C}
		{5E17542F-F87E-4F83-B820-2E2D7C99CAFA} = {E5F0FFA9-D38A-40C1-A652-36CE06CBE30D}
		{53C532FE-4730-4489-BC0B-6B5A89F0AC59} = {DF2374DD-DBD2-4EE6-A270-75D1E6DA14A1}
		{745B81D2-B0A8-4BC6-9A27-AFCD7974C745} = {53C532FE-4730-4489-BC0B-6B5A89F0AC59}
		{0AFB865F-99F7-476C-80F2-B9EC6368517B} = {53C532FE-4730-4489-BC0B-6B5A89F0AC59}
		{B5B9F907-4F2D-40AC-8FB7-8F37440EF19E} = {53C532FE-4730-4489-BC0B-6B5A89F0AC59}
		{5CA25380-7336-4169-A47B-EFA6F88CE791} = {37EC1365-2738-4D88-B779-1BD539E222D5}
	EndGlobalSection
	GlobalSection(ExtensibilityGlobals) = postSolution
		SolutionGuid = {05BEA798-7530-4A05-AF54-7FF44B1CD7C5}
	EndGlobalSection
EndGlobal
